// !$*UTF8*$!
{
	archiveVersion = 1;
	classes = {
	};
	objectVersion = 50;
	objects = {

/* Begin PBXBuildFile section */
		FAC9EC9224E96A9800991D6E /* AppDelegate.swift in Sources */ = {isa = PBXBuildFile; fileRef = FAC9EC9124E96A9800991D6E /* AppDelegate.swift */; };
		FAC9EC9424E96A9800991D6E /* SceneDelegate.swift in Sources */ = {isa = PBXBuildFile; fileRef = FAC9EC9324E96A9800991D6E /* SceneDelegate.swift */; };
		FAC9EC9624E96A9800991D6E /* ViewController.swift in Sources */ = {isa = PBXBuildFile; fileRef = FAC9EC9524E96A9800991D6E /* ViewController.swift */; };
		FAC9EC9924E96A9800991D6E /* Main.storyboard in Resources */ = {isa = PBXBuildFile; fileRef = FAC9EC9724E96A9800991D6E /* Main.storyboard */; };
		FAC9EC9B24E96A9B00991D6E /* Assets.xcassets in Resources */ = {isa = PBXBuildFile; fileRef = FAC9EC9A24E96A9B00991D6E /* Assets.xcassets */; };
		FAC9EC9E24E96A9B00991D6E /* LaunchScreen.storyboard in Resources */ = {isa = PBXBuildFile; fileRef = FAC9EC9C24E96A9B00991D6E /* LaunchScreen.storyboard */; };
/* End PBXBuildFile section */

/* Begin PBXFileReference section */
		FAC9EC8E24E96A9800991D6E /* Dogs Breeds.app */ = {isa = PBXFileReference; explicitFileType = wrapper.application; includeInIndex = 0; path = "Dogs Breeds.app"; sourceTree = BUILT_PRODUCTS_DIR; };
		FAC9EC9124E96A9800991D6E /* AppDelegate.swift */ = {isa = PBXFileReference; lastKnownFileType = sourcecode.swift; path = AppDelegate.swift; sourceTree = "<group>"; };
		FAC9EC9324E96A9800991D6E /* SceneDelegate.swift */ = {isa = PBXFileReference; lastKnownFileType = sourcecode.swift; path = SceneDelegate.swift; sourceTree = "<group>"; };
		FAC9EC9524E96A9800991D6E /* ViewController.swift */ = {isa = PBXFileReference; lastKnownFileType = sourcecode.swift; path = ViewController.swift; sourceTree = "<group>"; };
		FAC9EC9824E96A9800991D6E /* Base */ = {isa = PBXFileReference; lastKnownFileType = file.storyboard; name = Base; path = Base.lproj/Main.storyboard; sourceTree = "<group>"; };
		FAC9EC9A24E96A9B00991D6E /* Assets.xcassets */ = {isa = PBXFileReference; lastKnownFileType = folder.assetcatalog; path = Assets.xcassets; sourceTree = "<group>"; };
		FAC9EC9D24E96A9B00991D6E /* Base */ = {isa = PBXFileReference; lastKnownFileType = file.storyboard; name = Base; path = Base.lproj/LaunchScreen.storyboard; sourceTree = "<group>"; };
		FAC9EC9F24E96A9B00991D6E /* Info.plist */ = {isa = PBXFileReference; lastKnownFileType = text.plist.xml; path = Info.plist; sourceTree = "<group>"; };
/* End PBXFileReference section */

/* Begin PBXFrameworksBuildPhase section */
		FAC9EC8B24E96A9800991D6E /* Frameworks */ = {
			isa = PBXFrameworksBuildPhase;
			buildActionMask = 2147483647;
			files = (
			);
			runOnlyForDeploymentPostprocessing = 0;
		};
/* End PBXFrameworksBuildPhase section */

/* Begin PBXGroup section */
		FAC9EC8524E96A9800991D6E = {
			isa = PBXGroup;
			children = (
				FAC9EC9024E96A9800991D6E /* Dogs Breeds */,
				FAC9EC8F24E96A9800991D6E /* Products */,
			);
			sourceTree = "<group>";
		};
		FAC9EC8F24E96A9800991D6E /* Products */ = {
			isa = PBXGroup;
			children = (
				FAC9EC8E24E96A9800991D6E /* Dogs Breeds.app */,
			);
			name = Products;
			sourceTree = "<group>";
		};
		FAC9EC9024E96A9800991D6E /* Dogs Breeds */ = {
			isa = PBXGroup;
			children = (
				FAC9EC9124E96A9800991D6E /* AppDelegate.swift */,
				FAC9EC9324E96A9800991D6E /* SceneDelegate.swift */,
				FAC9EC9524E96A9800991D6E /* ViewController.swift */,
				FAC9EC9724E96A9800991D6E /* Main.storyboard */,
				FAC9EC9A24E96A9B00991D6E /* Assets.xcassets */,
				FAC9EC9C24E96A9B00991D6E /* LaunchScreen.storyboard */,
				FAC9EC9F24E96A9B00991D6E /* Info.plist */,
			);
			path = "Dogs Breeds";
			sourceTree = "<group>";
		};
/* End PBXGroup section */

/* Begin PBXNativeTarget section */
		FAC9EC8D24E96A9800991D6E /* Dogs Breeds */ = {
			isa = PBXNativeTarget;
			buildConfigurationList = FAC9ECA224E96A9B00991D6E /* Build configuration list for PBXNativeTarget "Dogs Breeds" */;
			buildPhases = (
				FAC9EC8A24E96A9800991D6E /* Sources */,
				FAC9EC8B24E96A9800991D6E /* Frameworks */,
				FAC9EC8C24E96A9800991D6E /* Resources */,
			);
			buildRules = (
			);
			dependencies = (
			);
			name = "Dogs Breeds";
			productName = "Dogs Breeds";
			productReference = FAC9EC8E24E96A9800991D6E /* Dogs Breeds.app */;
			productType = "com.apple.product-type.application";
		};
/* End PBXNativeTarget section */

/* Begin PBXProject section */
		FAC9EC8624E96A9800991D6E /* Project object */ = {
			isa = PBXProject;
			attributes = {
				LastSwiftUpdateCheck = 1160;
				LastUpgradeCheck = 1160;
				ORGANIZATIONNAME = "Александр Умаров";
				TargetAttributes = {
					FAC9EC8D24E96A9800991D6E = {
						CreatedOnToolsVersion = 11.6;
					};
				};
			};
			buildConfigurationList = FAC9EC8924E96A9800991D6E /* Build configuration list for PBXProject "Dogs Breeds" */;
			compatibilityVersion = "Xcode 9.3";
			developmentRegion = en;
			hasScannedForEncodings = 0;
			knownRegions = (
				en,
				Base,
			);
			mainGroup = FAC9EC8524E96A9800991D6E;
			productRefGroup = FAC9EC8F24E96A9800991D6E /* Products */;
			projectDirPath = "";
			projectRoot = "";
			targets = (
				FAC9EC8D24E96A9800991D6E /* Dogs Breeds */,
			);
		};
/* End PBXProject section */

/* Begin PBXResourcesBuildPhase section */
		FAC9EC8C24E96A9800991D6E /* Resources */ = {
			isa = PBXResourcesBuildPhase;
			buildActionMask = 2147483647;
			files = (
				FAC9EC9E24E96A9B00991D6E /* LaunchScreen.storyboard in Resources */,
				FAC9EC9B24E96A9B00991D6E /* Assets.xcassets in Resources */,
				FAC9EC9924E96A9800991D6E /* Main.storyboard in Resources */,
			);
			runOnlyForDeploymentPostprocessing = 0;
		};
/* End PBXResourcesBuildPhase section */

/* Begin PBXSourcesBuildPhase section */
		FAC9EC8A24E96A9800991D6E /* Sources */ = {
			isa = PBXSourcesBuildPhase;
			buildActionMask = 2147483647;
			files = (
				FAC9EC9624E96A9800991D6E /* ViewController.swift in Sources */,
				FAC9EC9224E96A9800991D6E /* AppDelegate.swift in Sources */,
				FAC9EC9424E96A9800991D6E /* SceneDelegate.swift in Sources */,
			);
			runOnlyForDeploymentPostprocessing = 0;
		};
/* End PBXSourcesBuildPhase section */

/* Begin PBXVariantGroup section */
		FAC9EC9724E96A9800991D6E /* Main.storyboard */ = {
			isa = PBXVariantGroup;
			children = (
				FAC9EC9824E96A9800991D6E /* Base */,
			);
			name = Main.storyboard;
			sourceTree = "<group>";
		};
		FAC9EC9C24E96A9B00991D6E /* LaunchScreen.storyboard */ = {
			isa = PBXVariantGroup;
			children = (
				FAC9EC9D24E96A9B00991D6E /* Base */,
			);
			name = LaunchScreen.storyboard;
			sourceTree = "<group>";
		};
/* End PBXVariantGroup section */

/* Begin XCBuildConfiguration section */
		FAC9ECA024E96A9B00991D6E /* Debug */ = {
			isa = XCBuildConfiguration;
			buildSettings = {
				ALWAYS_SEARCH_USER_PATHS = NO;
				CLANG_ANALYZER_NONNULL = YES;
				CLANG_ANALYZER_NUMBER_OBJECT_CONVERSION = YES_AGGRESSIVE;
				CLANG_CXX_LANGUAGE_STANDARD = "gnu++14";
				CLANG_CXX_LIBRARY = "libc++";
				CLANG_ENABLE_MODULES = YES;
				CLANG_ENABLE_OBJC_ARC = YES;
				CLANG_ENABLE_OBJC_WEAK = YES;
				CLANG_WARN_BLOCK_CAPTURE_AUTORELEASING = YES;
				CLANG_WARN_BOOL_CONVERSION = YES;
				CLANG_WARN_COMMA = YES;
				CLANG_WARN_CONSTANT_CONVERSION = YES;
				CLANG_WARN_DEPRECATED_OBJC_IMPLEMENTATIONS = YES;
				CLANG_WARN_DIRECT_OBJC_ISA_USAGE = YES_ERROR;
				CLANG_WARN_DOCUMENTATION_COMMENTS = YES;
				CLANG_WARN_EMPTY_BODY = YES;
				CLANG_WARN_ENUM_CONVERSION = YES;
				CLANG_WARN_INFINITE_RECURSION = YES;
				CLANG_WARN_INT_CONVERSION = YES;
				CLANG_WARN_NON_LITERAL_NULL_CONVERSION = YES;
				CLANG_WARN_OBJC_IMPLICIT_RETAIN_SELF = YES;
				CLANG_WARN_OBJC_LITERAL_CONVERSION = YES;
				CLANG_WARN_OBJC_ROOT_CLASS = YES_ERROR;
				CLANG_WARN_RANGE_LOOP_ANALYSIS = YES;
				CLANG_WARN_STRICT_PROTOTYPES = YES;
				CLANG_WARN_SUSPICIOUS_MOVE = YES;
				CLANG_WARN_UNGUARDED_AVAILABILITY = YES_AGGRESSIVE;
				CLANG_WARN_UNREACHABLE_CODE = YES;
				CLANG_WARN__DUPLICATE_METHOD_MATCH = YES;
				COPY_PHASE_STRIP = NO;
				DEBUG_INFORMATION_FORMAT = dwarf;
				ENABLE_STRICT_OBJC_MSGSEND = YES;
				ENABLE_TESTABILITY = YES;
				GCC_C_LANGUAGE_STANDARD = gnu11;
				GCC_DYNAMIC_NO_PIC = NO;
				GCC_NO_COMMON_BLOCKS = YES;
				GCC_OPTIMIZATION_LEVEL = 0;
				GCC_PREPROCESSOR_DEFINITIONS = (
					"DEBUG=1",
					"$(inherited)",
				);
				GCC_WARN_64_TO_32_BIT_CONVERSION = YES;
				GCC_WARN_ABOUT_RETURN_TYPE = YES_ERROR;
				GCC_WARN_UNDECLARED_SELECTOR = YES;
				GCC_WARN_UNINITIALIZED_AUTOS = YES_AGGRESSIVE;
				GCC_WARN_UNUSED_FUNCTION = YES;
				GCC_WARN_UNUSED_VARIABLE = YES;
				IPHONEOS_DEPLOYMENT_TARGET = 13.6;
				MTL_ENABLE_DEBUG_INFO = INCLUDE_SOURCE;
				MTL_FAST_MATH = YES;
				ONLY_ACTIVE_ARCH = YES;
				SDKROOT = iphoneos;
				SWIFT_ACTIVE_COMPILATION_CONDITIONS = DEBUG;
				SWIFT_OPTIMIZATION_LEVEL = "-Onone";
			};
			name = Debug;
		};
		FAC9ECA124E96A9B00991D6E /* Release */ = {
			isa = XCBuildConfiguration;
			buildSettings = {
				ALWAYS_SEARCH_USER_PATHS = NO;
				CLANG_ANALYZER_NONNULL = YES;
				CLANG_ANALYZER_NUMBER_OBJECT_CONVERSION = YES_AGGRESSIVE;
				CLANG_CXX_LANGUAGE_STANDARD = "gnu++14";
				CLANG_CXX_LIBRARY = "libc++";
				CLANG_ENABLE_MODULES = YES;
				CLANG_ENABLE_OBJC_ARC = YES;
				CLANG_ENABLE_OBJC_WEAK = YES;
				CLANG_WARN_BLOCK_CAPTURE_AUTORELEASING = YES;
				CLANG_WARN_BOOL_CONVERSION = YES;
				CLANG_WARN_COMMA = YES;
				CLANG_WARN_CONSTANT_CONVERSION = YES;
				CLANG_WARN_DEPRECATED_OBJC_IMPLEMENTATIONS = YES;
				CLANG_WARN_DIRECT_OBJC_ISA_USAGE = YES_ERROR;
				CLANG_WARN_DOCUMENTATION_COMMENTS = YES;
				CLANG_WARN_EMPTY_BODY = YES;
				CLANG_WARN_ENUM_CONVERSION = YES;
				CLANG_WARN_INFINITE_RECURSION = YES;
				CLANG_WARN_INT_CONVERSION = YES;
				CLANG_WARN_NON_LITERAL_NULL_CONVERSION = YES;
				CLANG_WARN_OBJC_IMPLICIT_RETAIN_SELF = YES;
				CLANG_WARN_OBJC_LITERAL_CONVERSION = YES;
				CLANG_WARN_OBJC_ROOT_CLASS = YES_ERROR;
				CLANG_WARN_RANGE_LOOP_ANALYSIS = YES;
				CLANG_WARN_STRICT_PROTOTYPES = YES;
				CLANG_WARN_SUSPICIOUS_MOVE = YES;
				CLANG_WARN_UNGUARDED_AVAILABILITY = YES_AGGRESSIVE;
				CLANG_WARN_UNREACHABLE_CODE = YES;
				CLANG_WARN__DUPLICATE_METHOD_MATCH = YES;
				COPY_PHASE_STRIP = NO;
				DEBUG_INFORMATION_FORMAT = "dwarf-with-dsym";
				ENABLE_NS_ASSERTIONS = NO;
				ENABLE_STRICT_OBJC_MSGSEND = YES;
				GCC_C_LANGUAGE_STANDARD = gnu11;
				GCC_NO_COMMON_BLOCKS = YES;
				GCC_WARN_64_TO_32_BIT_CONVERSION = YES;
				GCC_WARN_ABOUT_RETURN_TYPE = YES_ERROR;
				GCC_WARN_UNDECLARED_SELECTOR = YES;
				GCC_WARN_UNINITIALIZED_AUTOS = YES_AGGRESSIVE;
				GCC_WARN_UNUSED_FUNCTION = YES;
				GCC_WARN_UNUSED_VARIABLE = YES;
				IPHONEOS_DEPLOYMENT_TARGET = 13.6;
				MTL_ENABLE_DEBUG_INFO = NO;
				MTL_FAST_MATH = YES;
				SDKROOT = iphoneos;
				SWIFT_COMPILATION_MODE = wholemodule;
				SWIFT_OPTIMIZATION_LEVEL = "-O";
				VALIDATE_PRODUCT = YES;
			};
			name = Release;
		};
		FAC9ECA324E96A9B00991D6E /* Debug */ = {
			isa = XCBuildConfiguration;
			buildSettings = {
				ASSETCATALOG_COMPILER_APPICON_NAME = AppIcon;
				CODE_SIGN_STYLE = Automatic;
				DEVELOPMENT_TEAM = B5VM7C6TM4;
				INFOPLIST_FILE = "Dogs Breeds/Info.plist";
				LD_RUNPATH_SEARCH_PATHS = (
					"$(inherited)",
					"@executable_path/Frameworks",
				);
				PRODUCT_BUNDLE_IDENTIFIER = "com.jetlaunch.Dogs-Breeds";
				PRODUCT_NAME = "$(TARGET_NAME)";
				SWIFT_VERSION = 5.0;
				TARGETED_DEVICE_FAMILY = "1,2";
			};
			name = Debug;
		};
		FAC9ECA424E96A9B00991D6E /* Release */ = {
			isa = XCBuildConfiguration;
			buildSettings = {
				ASSETCATALOG_COMPILER_APPICON_NAME = AppIcon;
				CODE_SIGN_STYLE = Automatic;
				DEVELOPMENT_TEAM = B5VM7C6TM4;
				INFOPLIST_FILE = "Dogs Breeds/Info.plist";
				LD_RUNPATH_SEARCH_PATHS = (
					"$(inherited)",
					"@executable_path/Frameworks",
				);
				PRODUCT_BUNDLE_IDENTIFIER = "com.jetlaunch.Dogs-Breeds";
				PRODUCT_NAME = "$(TARGET_NAME)";
				SWIFT_VERSION = 5.0;
				TARGETED_DEVICE_FAMILY = "1,2";
			};
			name = Release;
		};
/* End XCBuildConfiguration section */

/* Begin XCConfigurationList section */
		FAC9EC8924E96A9800991D6E /* Build configuration list for PBXProject "Dogs Breeds" */ = {
			isa = XCConfigurationList;
			buildConfigurations = (
				FAC9ECA024E96A9B00991D6E /* Debug */,
				FAC9ECA124E96A9B00991D6E /* Release */,
			);
			defaultConfigurationIsVisible = 0;
			defaultConfigurationName = Release;
		};
		FAC9ECA224E96A9B00991D6E /* Build configuration list for PBXNativeTarget "Dogs Breeds" */ = {
			isa = XCConfigurationList;
			buildConfigurations = (
				FAC9ECA324E96A9B00991D6E /* Debug */,
				FAC9ECA424E96A9B00991D6E /* Release */,
			);
			defaultConfigurationIsVisible = 0;
			defaultConfigurationName = Release;
		};
/* End XCConfigurationList section */
	};
	rootObject = FAC9EC8624E96A9800991D6E /* Project object */;
}
